
Microsoft Visual Studio Solution File, Format Version 12.00
# Visual Studio Version 17
VisualStudioVersion = 17.5.002.0
MinimumVisualStudioVersion = 10.0.40219.1
Project("{2150E333-8FDC-42A3-9474-1A3956D46DE8}") = "prepare", "prepare", "{FB8530E5-B1C9-46EF-8767-CCC651557B8B}"
EndProject
Project("{9A19103F-16F7-4668-BE54-9A1E7A4F7556}") = "Learning06", "prepare\Learning06\Learning06.csproj", "{8997F120-9B29-4B0C-B229-3F4315901D3C}"
EndProject
Project("{9A19103F-16F7-4668-BE54-9A1E7A4F7556}") = "Learning02", "prepare\Learning02\Learning02.csproj", "{09308A89-B816-4E32-B9E5-31AD3591EF34}"
EndProject
Project("{9A19103F-16F7-4668-BE54-9A1E7A4F7556}") = "Learning05", "prepare\Learning05\Learning05.csproj", "{2EEE2E32-65A3-4E21-A0A9-2584701CEFA6}"
EndProject
Project("{9A19103F-16F7-4668-BE54-9A1E7A4F7556}") = "Learning04", "prepare\Learning04\Learning04.csproj", "{780995D4-C24E-4FBC-BAED-E770C269111D}"
EndProject
Project("{9A19103F-16F7-4668-BE54-9A1E7A4F7556}") = "Learning03", "prepare\Learning03\Learning03.csproj", "{BA0DC01F-B80A-4C70-B45D-CB743325CA08}"
EndProject
Project("{2150E333-8FDC-42A3-9474-1A3956D46DE8}") = "csharp-prep", "csharp-prep", "{66590E3B-4FD6-492A-9625-C83B91B6B74B}"
EndProject
Project("{9A19103F-16F7-4668-BE54-9A1E7A4F7556}") = "Prep1", "csharp-prep\Prep1\Prep1.csproj", "{7D7D39D2-3B9A-4631-81A7-DCF9B3803712}"
EndProject
Project("{9A19103F-16F7-4668-BE54-9A1E7A4F7556}") = "Prep5", "csharp-prep\Prep5\Prep5.csproj", "{FAC6FBC3-56D7-4588-8E95-4E9AB013C953}"
EndProject
Project("{9A19103F-16F7-4668-BE54-9A1E7A4F7556}") = "Prep2", "csharp-prep\Prep2\Prep2.csproj", "{7D417656-4ED4-41D0-B9EA-C4338FA3D4FA}"
EndProject
Project("{9A19103F-16F7-4668-BE54-9A1E7A4F7556}") = "Prep3", "csharp-prep\Prep3\Prep3.csproj", "{34658D49-1CB8-401C-B4E7-27CFA27FE21A}"
EndProject
Project("{9A19103F-16F7-4668-BE54-9A1E7A4F7556}") = "Prep4", "csharp-prep\Prep4\Prep4.csproj", "{35DFF93E-A568-48CD-9109-50C1930C22D6}"
EndProject
Global
	GlobalSection(SolutionConfigurationPlatforms) = preSolution
		Debug|Any CPU = Debug|Any CPU
		Release|Any CPU = Release|Any CPU
	EndGlobalSection
	GlobalSection(ProjectConfigurationPlatforms) = postSolution
		{8997F120-9B29-4B0C-B229-3F4315901D3C}.Debug|Any CPU.ActiveCfg = Debug|Any CPU
		{8997F120-9B29-4B0C-B229-3F4315901D3C}.Debug|Any CPU.Build.0 = Debug|Any CPU
		{8997F120-9B29-4B0C-B229-3F4315901D3C}.Release|Any CPU.ActiveCfg = Release|Any CPU
		{8997F120-9B29-4B0C-B229-3F4315901D3C}.Release|Any CPU.Build.0 = Release|Any CPU
		{09308A89-B816-4E32-B9E5-31AD3591EF34}.Debug|Any CPU.ActiveCfg = Debug|Any CPU
		{09308A89-B816-4E32-B9E5-31AD3591EF34}.Debug|Any CPU.Build.0 = Debug|Any CPU
		{09308A89-B816-4E32-B9E5-31AD3591EF34}.Release|Any CPU.ActiveCfg = Release|Any CPU
		{09308A89-B816-4E32-B9E5-31AD3591EF34}.Release|Any CPU.Build.0 = Release|Any CPU
		{2EEE2E32-65A3-4E21-A0A9-2584701CEFA6}.Debug|Any CPU.ActiveCfg = Debug|Any CPU
		{2EEE2E32-65A3-4E21-A0A9-2584701CEFA6}.Debug|Any CPU.Build.0 = Debug|Any CPU
		{2EEE2E32-65A3-4E21-A0A9-2584701CEFA6}.Release|Any CPU.ActiveCfg = Release|Any CPU
		{2EEE2E32-65A3-4E21-A0A9-2584701CEFA6}.Release|Any CPU.Build.0 = Release|Any CPU
		{780995D4-C24E-4FBC-BAED-E770C269111D}.Debug|Any CPU.ActiveCfg = Debug|Any CPU
		{780995D4-C24E-4FBC-BAED-E770C269111D}.Debug|Any CPU.Build.0 = Debug|Any CPU
		{780995D4-C24E-4FBC-BAED-E770C269111D}.Release|Any CPU.ActiveCfg = Release|Any CPU
		{780995D4-C24E-4FBC-BAED-E770C269111D}.Release|Any CPU.Build.0 = Release|Any CPU
		{BA0DC01F-B80A-4C70-B45D-CB743325CA08}.Debug|Any CPU.ActiveCfg = Debug|Any CPU
		{BA0DC01F-B80A-4C70-B45D-CB743325CA08}.Debug|Any CPU.Build.0 = Debug|Any CPU
		{BA0DC01F-B80A-4C70-B45D-CB743325CA08}.Release|Any CPU.ActiveCfg = Release|Any CPU
		{BA0DC01F-B80A-4C70-B45D-CB743325CA08}.Release|Any CPU.Build.0 = Release|Any CPU
		{7D7D39D2-3B9A-4631-81A7-DCF9B3803712}.Debug|Any CPU.ActiveCfg = Debug|Any CPU
		{7D7D39D2-3B9A-4631-81A7-DCF9B3803712}.Debug|Any CPU.Build.0 = Debug|Any CPU
		{7D7D39D2-3B9A-4631-81A7-DCF9B3803712}.Release|Any CPU.ActiveCfg = Release|Any CPU
		{7D7D39D2-3B9A-4631-81A7-DCF9B3803712}.Release|Any CPU.Build.0 = Release|Any CPU
		{FAC6FBC3-56D7-4588-8E95-4E9AB013C953}.Debug|Any CPU.ActiveCfg = Debug|Any CPU
		{FAC6FBC3-56D7-4588-8E95-4E9AB013C953}.Debug|Any CPU.Build.0 = Debug|Any CPU
		{FAC6FBC3-56D7-4588-8E95-4E9AB013C953}.Release|Any CPU.ActiveCfg = Release|Any CPU
		{FAC6FBC3-56D7-4588-8E95-4E9AB013C953}.Release|Any CPU.Build.0 = Release|Any CPU
		{7D417656-4ED4-41D0-B9EA-C4338FA3D4FA}.Debug|Any CPU.ActiveCfg = Debug|Any CPU
		{7D417656-4ED4-41D0-B9EA-C4338FA3D4FA}.Debug|Any CPU.Build.0 = Debug|Any CPU
		{7D417656-4ED4-41D0-B9EA-C4338FA3D4FA}.Release|Any CPU.ActiveCfg = Release|Any CPU
		{7D417656-4ED4-41D0-B9EA-C4338FA3D4FA}.Release|Any CPU.Build.0 = Release|Any CPU
		{34658D49-1CB8-401C-B4E7-27CFA27FE21A}.Debug|Any CPU.ActiveCfg = Debug|Any CPU
		{34658D49-1CB8-401C-B4E7-27CFA27FE21A}.Debug|Any CPU.Build.0 = Debug|Any CPU
		{34658D49-1CB8-401C-B4E7-27CFA27FE21A}.Release|Any CPU.ActiveCfg = Release|Any CPU
		{34658D49-1CB8-401C-B4E7-27CFA27FE21A}.Release|Any CPU.Build.0 = Release|Any CPU
		{35DFF93E-A568-48CD-9109-50C1930C22D6}.Debug|Any CPU.ActiveCfg = Debug|Any CPU
		{35DFF93E-A568-48CD-9109-50C1930C22D6}.Debug|Any CPU.Build.0 = Debug|Any CPU
		{35DFF93E-A568-48CD-9109-50C1930C22D6}.Release|Any CPU.ActiveCfg = Release|Any CPU
		{35DFF93E-A568-48CD-9109-50C1930C22D6}.Release|Any CPU.Build.0 = Release|Any CPU
	EndGlobalSection
	GlobalSection(SolutionProperties) = preSolution
		HideSolutionNode = FALSE
	EndGlobalSection
	GlobalSection(NestedProjects) = preSolution
		{8997F120-9B29-4B0C-B229-3F4315901D3C} = {FB8530E5-B1C9-46EF-8767-CCC651557B8B}
		{09308A89-B816-4E32-B9E5-31AD3591EF34} = {FB8530E5-B1C9-46EF-8767-CCC651557B8B}
		{2EEE2E32-65A3-4E21-A0A9-2584701CEFA6} = {FB8530E5-B1C9-46EF-8767-CCC651557B8B}
		{780995D4-C24E-4FBC-BAED-E770C269111D} = {FB8530E5-B1C9-46EF-8767-CCC651557B8B}
		{BA0DC01F-B80A-4C70-B45D-CB743325CA08} = {FB8530E5-B1C9-46EF-8767-CCC651557B8B}
		{7D7D39D2-3B9A-4631-81A7-DCF9B3803712} = {66590E3B-4FD6-492A-9625-C83B91B6B74B}
		{FAC6FBC3-56D7-4588-8E95-4E9AB013C953} = {66590E3B-4FD6-492A-9625-C83B91B6B74B}
		{7D417656-4ED4-41D0-B9EA-C4338FA3D4FA} = {66590E3B-4FD6-492A-9625-C83B91B6B74B}
		{34658D49-1CB8-401C-B4E7-27CFA27FE21A} = {66590E3B-4FD6-492A-9625-C83B91B6B74B}
		{35DFF93E-A568-48CD-9109-50C1930C22D6} = {66590E3B-4FD6-492A-9625-C83B91B6B74B}
	EndGlobalSection
	GlobalSection(ExtensibilityGlobals) = postSolution
		SolutionGuid = {F0C59B6E-8810-4C8C-A92A-3EC98DFA69CE}
	EndGlobalSection
EndGlobal
