
Microsoft Visual Studio Solution File, Format Version 12.00
# Visual Studio Version 17
VisualStudioVersion = 17.5.002.0
MinimumVisualStudioVersion = 10.0.40219.1
Project("{2150E333-8FDC-42A3-9474-1A3956D46DE8}") = "week01", "week01", "{22FB77E8-DF67-4D25-A5AC-B2A19D0B418C}"
EndProject
Project("{9A19103F-16F7-4668-BE54-9A1E7A4F7556}") = "Exercise5", "week01\Exercise5\Exercise5.csproj", "{462D879B-E19C-4B9B-A71F-41423BF1A1E1}"
EndProject
Project("{9A19103F-16F7-4668-BE54-9A1E7A4F7556}") = "Exercise2", "week01\Exercise2\Exercise2.csproj", "{8C7127D3-1091-4479-924E-943D376BBD7E}"
EndProject
Project("{9A19103F-16F7-4668-BE54-9A1E7A4F7556}") = "Exercise3", "week01\Exercise3\Exercise3.csproj", "{20009B69-73AB-4B98-A24A-5958D3058876}"
EndProject
Project("{9A19103F-16F7-4668-BE54-9A1E7A4F7556}") = "Exercise4", "week01\Exercise4\Exercise4.csproj", "{BF42CCF8-CC79-4392-A09C-228AD8E3B13B}"
EndProject
Project("{9A19103F-16F7-4668-BE54-9A1E7A4F7556}") = "Exercise1", "week01\Exercise1\Exercise1.csproj", "{B4F656F4-DBB2-4540-8592-DC3F9ABC4FC6}"
EndProject
Project("{2150E333-8FDC-42A3-9474-1A3956D46DE8}") = "week06", "week06", "{82CD605D-64F2-4E7E-8E10-E1351EC98E74}"
EndProject
Project("{9A19103F-16F7-4668-BE54-9A1E7A4F7556}") = "Shapes", "week06\Shapes\Shapes.csproj", "{6770ED4C-BDDB-455C-B955-2AB9E0DDE73C}"
EndProject
Project("{9A19103F-16F7-4668-BE54-9A1E7A4F7556}") = "EternalQuest", "week06\EternalQuest\EternalQuest.csproj", "{C1FE2568-58FC-4C86-9539-4DBACFC668ED}"
EndProject
Project("{2150E333-8FDC-42A3-9474-1A3956D46DE8}") = "week07", "week07", "{1D9FD4A7-08E5-4B36-BC9F-80D4540F4AD3}"
EndProject
Project("{9A19103F-16F7-4668-BE54-9A1E7A4F7556}") = "ExerciseTracking", "week07\ExerciseTracking\ExerciseTracking.csproj", "{441B4386-2F11-4E19-8BED-AF14D7C90E63}"
EndProject
Project("{2150E333-8FDC-42A3-9474-1A3956D46DE8}") = "sandbox", "sandbox", "{1ED9190D-E23A-408C-AD16-C56338C319FF}"
EndProject
Project("{9A19103F-16F7-4668-BE54-9A1E7A4F7556}") = "Sandbox", "sandbox\Sandbox\Sandbox.csproj", "{95F4B35F-BE78-4634-83B3-A6BC76AC9934}"
EndProject
Project("{2150E333-8FDC-42A3-9474-1A3956D46DE8}") = "week05", "week05", "{C92FDF0D-B369-4291-AA2C-903E3D22F0A9}"
EndProject
Project("{9A19103F-16F7-4668-BE54-9A1E7A4F7556}") = "Mindfulness", "week05\Mindfulness\Mindfulness.csproj", "{3779DB57-E470-4108-B210-176416584B8D}"
EndProject
Project("{9A19103F-16F7-4668-BE54-9A1E7A4F7556}") = "Homework", "week05\Homework\Homework.csproj", "{FFA53DAA-3649-4487-A1BC-7D1E61063A82}"
EndProject
Project("{2150E333-8FDC-42A3-9474-1A3956D46DE8}") = "week02", "week02", "{5CB8D3DE-2162-4506-958A-BF07EEB5E39C}"
EndProject
Project("{9A19103F-16F7-4668-BE54-9A1E7A4F7556}") = "Journal", "week02\Journal\Journal.csproj", "{8A022198-A12E-41DB-9D17-B952675E0743}"
EndProject
Project("{9A19103F-16F7-4668-BE54-9A1E7A4F7556}") = "Resumes", "week02\Resumes\Resumes.csproj", "{2626D903-24FE-4A27-B49A-D4CAB7C19C89}"
EndProject
Project("{2150E333-8FDC-42A3-9474-1A3956D46DE8}") = "week03", "week03", "{8AA4AA37-00FE-4F34-AF55-807A85B7D283}"
EndProject
Project("{9A19103F-16F7-4668-BE54-9A1E7A4F7556}") = "ScriptureMemorizer", "week03\ScriptureMemorizer\ScriptureMemorizer.csproj", "{0FB7A090-739D-4246-A7CB-56594F4592A8}"
EndProject
Project("{9A19103F-16F7-4668-BE54-9A1E7A4F7556}") = "Fractions", "week03\Fractions\Fractions.csproj", "{28E3C391-9CA1-4C83-8FD1-CFE3B1A00E72}"
EndProject
Project("{2150E333-8FDC-42A3-9474-1A3956D46DE8}") = "week04", "week04", "{8DA6B242-879D-414B-9BD4-7405E37F3873}"
EndProject
Project("{9A19103F-16F7-4668-BE54-9A1E7A4F7556}") = "YouTubeVideos", "week04\YouTubeVideos\YouTubeVideos.csproj", "{B1E2DF6E-ABA6-4706-9F56-67C4CBFBA9C6}"
EndProject
Project("{9A19103F-16F7-4668-BE54-9A1E7A4F7556}") = "OnlineOrdering", "week04\OnlineOrdering\OnlineOrdering.csproj", "{987A0BC2-855B-48D2-89EA-3A94CB091E87}"
EndProject
Global
	GlobalSection(SolutionConfigurationPlatforms) = preSolution
		Debug|Any CPU = Debug|Any CPU
		Release|Any CPU = Release|Any CPU
	EndGlobalSection
	GlobalSection(ProjectConfigurationPlatforms) = postSolution
		{462D879B-E19C-4B9B-A71F-41423BF1A1E1}.Debug|Any CPU.ActiveCfg = Debug|Any CPU
		{462D879B-E19C-4B9B-A71F-41423BF1A1E1}.Debug|Any CPU.Build.0 = Debug|Any CPU
		{462D879B-E19C-4B9B-A71F-41423BF1A1E1}.Release|Any CPU.ActiveCfg = Release|Any CPU
		{462D879B-E19C-4B9B-A71F-41423BF1A1E1}.Release|Any CPU.Build.0 = Release|Any CPU
		{8C7127D3-1091-4479-924E-943D376BBD7E}.Debug|Any CPU.ActiveCfg = Debug|Any CPU
		{8C7127D3-1091-4479-924E-943D376BBD7E}.Debug|Any CPU.Build.0 = Debug|Any CPU
		{8C7127D3-1091-4479-924E-943D376BBD7E}.Release|Any CPU.ActiveCfg = Release|Any CPU
		{8C7127D3-1091-4479-924E-943D376BBD7E}.Release|Any CPU.Build.0 = Release|Any CPU
		{20009B69-73AB-4B98-A24A-5958D3058876}.Debug|Any CPU.ActiveCfg = Debug|Any CPU
		{20009B69-73AB-4B98-A24A-5958D3058876}.Debug|Any CPU.Build.0 = Debug|Any CPU
		{20009B69-73AB-4B98-A24A-5958D3058876}.Release|Any CPU.ActiveCfg = Release|Any CPU
		{20009B69-73AB-4B98-A24A-5958D3058876}.Release|Any CPU.Build.0 = Release|Any CPU
		{BF42CCF8-CC79-4392-A09C-228AD8E3B13B}.Debug|Any CPU.ActiveCfg = Debug|Any CPU
		{BF42CCF8-CC79-4392-A09C-228AD8E3B13B}.Debug|Any CPU.Build.0 = Debug|Any CPU
		{BF42CCF8-CC79-4392-A09C-228AD8E3B13B}.Release|Any CPU.ActiveCfg = Release|Any CPU
		{BF42CCF8-CC79-4392-A09C-228AD8E3B13B}.Release|Any CPU.Build.0 = Release|Any CPU
		{B4F656F4-DBB2-4540-8592-DC3F9ABC4FC6}.Debug|Any CPU.ActiveCfg = Debug|Any CPU
		{B4F656F4-DBB2-4540-8592-DC3F9ABC4FC6}.Debug|Any CPU.Build.0 = Debug|Any CPU
		{B4F656F4-DBB2-4540-8592-DC3F9ABC4FC6}.Release|Any CPU.ActiveCfg = Release|Any CPU
		{B4F656F4-DBB2-4540-8592-DC3F9ABC4FC6}.Release|Any CPU.Build.0 = Release|Any CPU
		{6770ED4C-BDDB-455C-B955-2AB9E0DDE73C}.Debug|Any CPU.ActiveCfg = Debug|Any CPU
		{6770ED4C-BDDB-455C-B955-2AB9E0DDE73C}.Debug|Any CPU.Build.0 = Debug|Any CPU
		{6770ED4C-BDDB-455C-B955-2AB9E0DDE73C}.Release|Any CPU.ActiveCfg = Release|Any CPU
		{6770ED4C-BDDB-455C-B955-2AB9E0DDE73C}.Release|Any CPU.Build.0 = Release|Any CPU
		{C1FE2568-58FC-4C86-9539-4DBACFC668ED}.Debug|Any CPU.ActiveCfg = Debug|Any CPU
		{C1FE2568-58FC-4C86-9539-4DBACFC668ED}.Debug|Any CPU.Build.0 = Debug|Any CPU
		{C1FE2568-58FC-4C86-9539-4DBACFC668ED}.Release|Any CPU.ActiveCfg = Release|Any CPU
		{C1FE2568-58FC-4C86-9539-4DBACFC668ED}.Release|Any CPU.Build.0 = Release|Any CPU
		{441B4386-2F11-4E19-8BED-AF14D7C90E63}.Debug|Any CPU.ActiveCfg = Debug|Any CPU
		{441B4386-2F11-4E19-8BED-AF14D7C90E63}.Debug|Any CPU.Build.0 = Debug|Any CPU
		{441B4386-2F11-4E19-8BED-AF14D7C90E63}.Release|Any CPU.ActiveCfg = Release|Any CPU
		{441B4386-2F11-4E19-8BED-AF14D7C90E63}.Release|Any CPU.Build.0 = Release|Any CPU
		{95F4B35F-BE78-4634-83B3-A6BC76AC9934}.Debug|Any CPU.ActiveCfg = Debug|Any CPU
		{95F4B35F-BE78-4634-83B3-A6BC76AC9934}.Debug|Any CPU.Build.0 = Debug|Any CPU
		{95F4B35F-BE78-4634-83B3-A6BC76AC9934}.Release|Any CPU.ActiveCfg = Release|Any CPU
		{95F4B35F-BE78-4634-83B3-A6BC76AC9934}.Release|Any CPU.Build.0 = Release|Any CPU
		{3779DB57-E470-4108-B210-176416584B8D}.Debug|Any CPU.ActiveCfg = Debug|Any CPU
		{3779DB57-E470-4108-B210-176416584B8D}.Debug|Any CPU.Build.0 = Debug|Any CPU
		{3779DB57-E470-4108-B210-176416584B8D}.Release|Any CPU.ActiveCfg = Release|Any CPU
		{3779DB57-E470-4108-B210-176416584B8D}.Release|Any CPU.Build.0 = Release|Any CPU
		{FFA53DAA-3649-4487-A1BC-7D1E61063A82}.Debug|Any CPU.ActiveCfg = Debug|Any CPU
		{FFA53DAA-3649-4487-A1BC-7D1E61063A82}.Debug|Any CPU.Build.0 = Debug|Any CPU
		{FFA53DAA-3649-4487-A1BC-7D1E61063A82}.Release|Any CPU.ActiveCfg = Release|Any CPU
		{FFA53DAA-3649-4487-A1BC-7D1E61063A82}.Release|Any CPU.Build.0 = Release|Any CPU
		{8A022198-A12E-41DB-9D17-B952675E0743}.Debug|Any CPU.ActiveCfg = Debug|Any CPU
		{8A022198-A12E-41DB-9D17-B952675E0743}.Debug|Any CPU.Build.0 = Debug|Any CPU
		{8A022198-A12E-41DB-9D17-B952675E0743}.Release|Any CPU.ActiveCfg = Release|Any CPU
		{8A022198-A12E-41DB-9D17-B952675E0743}.Release|Any CPU.Build.0 = Release|Any CPU
		{2626D903-24FE-4A27-B49A-D4CAB7C19C89}.Debug|Any CPU.ActiveCfg = Debug|Any CPU
		{2626D903-24FE-4A27-B49A-D4CAB7C19C89}.Debug|Any CPU.Build.0 = Debug|Any CPU
		{2626D903-24FE-4A27-B49A-D4CAB7C19C89}.Release|Any CPU.ActiveCfg = Release|Any CPU
		{2626D903-24FE-4A27-B49A-D4CAB7C19C89}.Release|Any CPU.Build.0 = Release|Any CPU
		{0FB7A090-739D-4246-A7CB-56594F4592A8}.Debug|Any CPU.ActiveCfg = Debug|Any CPU
		{0FB7A090-739D-4246-A7CB-56594F4592A8}.Debug|Any CPU.Build.0 = Debug|Any CPU
		{0FB7A090-739D-4246-A7CB-56594F4592A8}.Release|Any CPU.ActiveCfg = Release|Any CPU
		{0FB7A090-739D-4246-A7CB-56594F4592A8}.Release|Any CPU.Build.0 = Release|Any CPU
		{28E3C391-9CA1-4C83-8FD1-CFE3B1A00E72}.Debug|Any CPU.ActiveCfg = Debug|Any CPU
		{28E3C391-9CA1-4C83-8FD1-CFE3B1A00E72}.Debug|Any CPU.Build.0 = Debug|Any CPU
		{28E3C391-9CA1-4C83-8FD1-CFE3B1A00E72}.Release|Any CPU.ActiveCfg = Release|Any CPU
		{28E3C391-9CA1-4C83-8FD1-CFE3B1A00E72}.Release|Any CPU.Build.0 = Release|Any CPU
		{B1E2DF6E-ABA6-4706-9F56-67C4CBFBA9C6}.Debug|Any CPU.ActiveCfg = Debug|Any CPU
		{B1E2DF6E-ABA6-4706-9F56-67C4CBFBA9C6}.Debug|Any CPU.Build.0 = Debug|Any CPU
		{B1E2DF6E-ABA6-4706-9F56-67C4CBFBA9C6}.Release|Any CPU.ActiveCfg = Release|Any CPU
		{B1E2DF6E-ABA6-4706-9F56-67C4CBFBA9C6}.Release|Any CPU.Build.0 = Release|Any CPU
		{987A0BC2-855B-48D2-89EA-3A94CB091E87}.Debug|Any CPU.ActiveCfg = Debug|Any CPU
		{987A0BC2-855B-48D2-89EA-3A94CB091E87}.Debug|Any CPU.Build.0 = Debug|Any CPU
		{987A0BC2-855B-48D2-89EA-3A94CB091E87}.Release|Any CPU.ActiveCfg = Release|Any CPU
		{987A0BC2-855B-48D2-89EA-3A94CB091E87}.Release|Any CPU.Build.0 = Release|Any CPU
	EndGlobalSection
	GlobalSection(SolutionProperties) = preSolution
		HideSolutionNode = FALSE
	EndGlobalSection
	GlobalSection(NestedProjects) = preSolution
		{462D879B-E19C-4B9B-A71F-41423BF1A1E1} = {22FB77E8-DF67-4D25-A5AC-B2A19D0B418C}
		{8C7127D3-1091-4479-924E-943D376BBD7E} = {22FB77E8-DF67-4D25-A5AC-B2A19D0B418C}
		{20009B69-73AB-4B98-A24A-5958D3058876} = {22FB77E8-DF67-4D25-A5AC-B2A19D0B418C}
		{BF42CCF8-CC79-4392-A09C-228AD8E3B13B} = {22FB77E8-DF67-4D25-A5AC-B2A19D0B418C}
		{B4F656F4-DBB2-4540-8592-DC3F9ABC4FC6} = {22FB77E8-DF67-4D25-A5AC-B2A19D0B418C}
		{6770ED4C-BDDB-455C-B955-2AB9E0DDE73C} = {82CD605D-64F2-4E7E-8E10-E1351EC98E74}
		{C1FE2568-58FC-4C86-9539-4DBACFC668ED} = {82CD605D-64F2-4E7E-8E10-E1351EC98E74}
		{441B4386-2F11-4E19-8BED-AF14D7C90E63} = {1D9FD4A7-08E5-4B36-BC9F-80D4540F4AD3}
		{95F4B35F-BE78-4634-83B3-A6BC76AC9934} = {1ED9190D-E23A-408C-AD16-C56338C319FF}
		{3779DB57-E470-4108-B210-176416584B8D} = {C92FDF0D-B369-4291-AA2C-903E3D22F0A9}
		{FFA53DAA-3649-4487-A1BC-7D1E61063A82} = {C92FDF0D-B369-4291-AA2C-903E3D22F0A9}
		{8A022198-A12E-41DB-9D17-B952675E0743} = {5CB8D3DE-2162-4506-958A-BF07EEB5E39C}
		{2626D903-24FE-4A27-B49A-D4CAB7C19C89} = {5CB8D3DE-2162-4506-958A-BF07EEB5E39C}
		{0FB7A090-739D-4246-A7CB-56594F4592A8} = {8AA4AA37-00FE-4F34-AF55-807A85B7D283}
		{28E3C391-9CA1-4C83-8FD1-CFE3B1A00E72} = {8AA4AA37-00FE-4F34-AF55-807A85B7D283}
		{B1E2DF6E-ABA6-4706-9F56-67C4CBFBA9C6} = {8DA6B242-879D-414B-9BD4-7405E37F3873}
		{987A0BC2-855B-48D2-89EA-3A94CB091E87} = {8DA6B242-879D-414B-9BD4-7405E37F3873}
	EndGlobalSection
	GlobalSection(ExtensibilityGlobals) = postSolution
		SolutionGuid = {27FAE7B7-6B1D-4F45-AD3A-661842809767}
	EndGlobalSection
EndGlobal
