
Microsoft Visual Studio Solution File, Format Version 12.00
# Visual Studio Version 17
VisualStudioVersion = 17.5.002.0
MinimumVisualStudioVersion = 10.0.40219.1
Project("{2150E333-8FDC-42A3-9474-1A3956D46DE8}") = "week01", "week01", "{E6063481-263C-481E-82C6-7E3E0EBBAD58}"
EndProject
Project("{9A19103F-16F7-4668-BE54-9A1E7A4F7556}") = "Exercise5", "week01\Exercise5\Exercise5.csproj", "{0D394654-A848-477F-8442-0024876E53CD}"
EndProject
Project("{9A19103F-16F7-4668-BE54-9A1E7A4F7556}") = "Exercise2", "week01\Exercise2\Exercise2.csproj", "{8F99630B-BFB8-450A-960D-00A525970252}"
EndProject
Project("{9A19103F-16F7-4668-BE54-9A1E7A4F7556}") = "Exercise3", "week01\Exercise3\Exercise3.csproj", "{6E583DC0-573A-49C8-B3ED-83CC7B8387C3}"
EndProject
Project("{9A19103F-16F7-4668-BE54-9A1E7A4F7556}") = "Exercise4", "week01\Exercise4\Exercise4.csproj", "{716FD5BA-9B03-4230-BA27-E9AE2110D654}"
EndProject
Project("{9A19103F-16F7-4668-BE54-9A1E7A4F7556}") = "Exercise1", "week01\Exercise1\Exercise1.csproj", "{C2C66638-D6E8-4AD3-AA86-2AC679B15372}"
EndProject
Project("{2150E333-8FDC-42A3-9474-1A3956D46DE8}") = "week06", "week06", "{5A97C5FB-2B7C-448C-BAB9-D3656132B200}"
EndProject
Project("{9A19103F-16F7-4668-BE54-9A1E7A4F7556}") = "Shapes", "week06\Shapes\Shapes.csproj", "{65E31B8D-AE06-433A-818D-53AF316CD325}"
EndProject
Project("{9A19103F-16F7-4668-BE54-9A1E7A4F7556}") = "EternalQuest", "week06\EternalQuest\EternalQuest.csproj", "{85CF6E18-CDF1-467C-85BB-7E527474F03A}"
EndProject
Project("{2150E333-8FDC-42A3-9474-1A3956D46DE8}") = "week07", "week07", "{8AEC257D-0CB1-4C4B-A56C-ED422A376072}"
EndProject
Project("{9A19103F-16F7-4668-BE54-9A1E7A4F7556}") = "ExerciseTracking", "week07\ExerciseTracking\ExerciseTracking.csproj", "{42710A37-09EA-4892-A18D-B4F3EDB9C36A}"
EndProject
Project("{2150E333-8FDC-42A3-9474-1A3956D46DE8}") = "sandbox", "sandbox", "{A0863252-7DC4-4897-B029-C49C8444A4E3}"
EndProject
Project("{9A19103F-16F7-4668-BE54-9A1E7A4F7556}") = "Sandbox", "sandbox\Sandbox\Sandbox.csproj", "{96C46291-9EE3-46AD-8759-B744D63BF2B9}"
EndProject
Project("{2150E333-8FDC-42A3-9474-1A3956D46DE8}") = "week05", "week05", "{1E841A12-1BFB-4AF5-8995-B8654FC7E532}"
EndProject
Project("{9A19103F-16F7-4668-BE54-9A1E7A4F7556}") = "Mindfulness", "week05\Mindfulness\Mindfulness.csproj", "{3336AAE2-EE6B-47A0-8F2E-BBF85F9FC1B7}"
EndProject
Project("{9A19103F-16F7-4668-BE54-9A1E7A4F7556}") = "Homework", "week05\Homework\Homework.csproj", "{D97459C3-1030-4C1D-8F04-4984FA954573}"
EndProject
Project("{2150E333-8FDC-42A3-9474-1A3956D46DE8}") = "week02", "week02", "{72D65E0A-EB82-40B9-8D16-4C6B083118FA}"
EndProject
Project("{9A19103F-16F7-4668-BE54-9A1E7A4F7556}") = "Journal", "week02\Journal\Journal.csproj", "{08C3DB01-ADA8-45F0-BDB0-600C552C34B6}"
EndProject
Project("{9A19103F-16F7-4668-BE54-9A1E7A4F7556}") = "Resumes", "week02\Resumes\Resumes.csproj", "{2B1DB74B-B5D8-4E93-96F3-8F2F7E345AAB}"
EndProject
Project("{2150E333-8FDC-42A3-9474-1A3956D46DE8}") = "week03", "week03", "{B08527B2-5E99-4975-B104-FE74BA052224}"
EndProject
Project("{9A19103F-16F7-4668-BE54-9A1E7A4F7556}") = "ScriptureMemorizer", "week03\ScriptureMemorizer\ScriptureMemorizer.csproj", "{8A2BC522-DB44-4CDA-BA3C-AC90B53F1EE2}"
EndProject
Project("{9A19103F-16F7-4668-BE54-9A1E7A4F7556}") = "Fractions", "week03\Fractions\Fractions.csproj", "{224D7900-05E5-43EB-B259-723C7300FB3C}"
EndProject
Project("{2150E333-8FDC-42A3-9474-1A3956D46DE8}") = "week04", "week04", "{F4650685-B549-4902-86CB-201EB58785FA}"
EndProject
Project("{9A19103F-16F7-4668-BE54-9A1E7A4F7556}") = "YouTubeVideos", "week04\YouTubeVideos\YouTubeVideos.csproj", "{5926DCDC-8E6C-4565-8708-6BCB48909F69}"
EndProject
Project("{9A19103F-16F7-4668-BE54-9A1E7A4F7556}") = "OnlineOrdering", "week04\OnlineOrdering\OnlineOrdering.csproj", "{B325357B-6DF4-4DAB-ADE5-E0678F615A4D}"
EndProject
Global
	GlobalSection(SolutionConfigurationPlatforms) = preSolution
		Debug|Any CPU = Debug|Any CPU
		Release|Any CPU = Release|Any CPU
	EndGlobalSection
	GlobalSection(ProjectConfigurationPlatforms) = postSolution
		{0D394654-A848-477F-8442-0024876E53CD}.Debug|Any CPU.ActiveCfg = Debug|Any CPU
		{0D394654-A848-477F-8442-0024876E53CD}.Debug|Any CPU.Build.0 = Debug|Any CPU
		{0D394654-A848-477F-8442-0024876E53CD}.Release|Any CPU.ActiveCfg = Release|Any CPU
		{0D394654-A848-477F-8442-0024876E53CD}.Release|Any CPU.Build.0 = Release|Any CPU
		{8F99630B-BFB8-450A-960D-00A525970252}.Debug|Any CPU.ActiveCfg = Debug|Any CPU
		{8F99630B-BFB8-450A-960D-00A525970252}.Debug|Any CPU.Build.0 = Debug|Any CPU
		{8F99630B-BFB8-450A-960D-00A525970252}.Release|Any CPU.ActiveCfg = Release|Any CPU
		{8F99630B-BFB8-450A-960D-00A525970252}.Release|Any CPU.Build.0 = Release|Any CPU
		{6E583DC0-573A-49C8-B3ED-83CC7B8387C3}.Debug|Any CPU.ActiveCfg = Debug|Any CPU
		{6E583DC0-573A-49C8-B3ED-83CC7B8387C3}.Debug|Any CPU.Build.0 = Debug|Any CPU
		{6E583DC0-573A-49C8-B3ED-83CC7B8387C3}.Release|Any CPU.ActiveCfg = Release|Any CPU
		{6E583DC0-573A-49C8-B3ED-83CC7B8387C3}.Release|Any CPU.Build.0 = Release|Any CPU
		{716FD5BA-9B03-4230-BA27-E9AE2110D654}.Debug|Any CPU.ActiveCfg = Debug|Any CPU
		{716FD5BA-9B03-4230-BA27-E9AE2110D654}.Debug|Any CPU.Build.0 = Debug|Any CPU
		{716FD5BA-9B03-4230-BA27-E9AE2110D654}.Release|Any CPU.ActiveCfg = Release|Any CPU
		{716FD5BA-9B03-4230-BA27-E9AE2110D654}.Release|Any CPU.Build.0 = Release|Any CPU
		{C2C66638-D6E8-4AD3-AA86-2AC679B15372}.Debug|Any CPU.ActiveCfg = Debug|Any CPU
		{C2C66638-D6E8-4AD3-AA86-2AC679B15372}.Debug|Any CPU.Build.0 = Debug|Any CPU
		{C2C66638-D6E8-4AD3-AA86-2AC679B15372}.Release|Any CPU.ActiveCfg = Release|Any CPU
		{C2C66638-D6E8-4AD3-AA86-2AC679B15372}.Release|Any CPU.Build.0 = Release|Any CPU
		{65E31B8D-AE06-433A-818D-53AF316CD325}.Debug|Any CPU.ActiveCfg = Debug|Any CPU
		{65E31B8D-AE06-433A-818D-53AF316CD325}.Debug|Any CPU.Build.0 = Debug|Any CPU
		{65E31B8D-AE06-433A-818D-53AF316CD325}.Release|Any CPU.ActiveCfg = Release|Any CPU
		{65E31B8D-AE06-433A-818D-53AF316CD325}.Release|Any CPU.Build.0 = Release|Any CPU
		{85CF6E18-CDF1-467C-85BB-7E527474F03A}.Debug|Any CPU.ActiveCfg = Debug|Any CPU
		{85CF6E18-CDF1-467C-85BB-7E527474F03A}.Debug|Any CPU.Build.0 = Debug|Any CPU
		{85CF6E18-CDF1-467C-85BB-7E527474F03A}.Release|Any CPU.ActiveCfg = Release|Any CPU
		{85CF6E18-CDF1-467C-85BB-7E527474F03A}.Release|Any CPU.Build.0 = Release|Any CPU
		{42710A37-09EA-4892-A18D-B4F3EDB9C36A}.Debug|Any CPU.ActiveCfg = Debug|Any CPU
		{42710A37-09EA-4892-A18D-B4F3EDB9C36A}.Debug|Any CPU.Build.0 = Debug|Any CPU
		{42710A37-09EA-4892-A18D-B4F3EDB9C36A}.Release|Any CPU.ActiveCfg = Release|Any CPU
		{42710A37-09EA-4892-A18D-B4F3EDB9C36A}.Release|Any CPU.Build.0 = Release|Any CPU
		{96C46291-9EE3-46AD-8759-B744D63BF2B9}.Debug|Any CPU.ActiveCfg = Debug|Any CPU
		{96C46291-9EE3-46AD-8759-B744D63BF2B9}.Debug|Any CPU.Build.0 = Debug|Any CPU
		{96C46291-9EE3-46AD-8759-B744D63BF2B9}.Release|Any CPU.ActiveCfg = Release|Any CPU
		{96C46291-9EE3-46AD-8759-B744D63BF2B9}.Release|Any CPU.Build.0 = Release|Any CPU
		{3336AAE2-EE6B-47A0-8F2E-BBF85F9FC1B7}.Debug|Any CPU.ActiveCfg = Debug|Any CPU
		{3336AAE2-EE6B-47A0-8F2E-BBF85F9FC1B7}.Debug|Any CPU.Build.0 = Debug|Any CPU
		{3336AAE2-EE6B-47A0-8F2E-BBF85F9FC1B7}.Release|Any CPU.ActiveCfg = Release|Any CPU
		{3336AAE2-EE6B-47A0-8F2E-BBF85F9FC1B7}.Release|Any CPU.Build.0 = Release|Any CPU
		{D97459C3-1030-4C1D-8F04-4984FA954573}.Debug|Any CPU.ActiveCfg = Debug|Any CPU
		{D97459C3-1030-4C1D-8F04-4984FA954573}.Debug|Any CPU.Build.0 = Debug|Any CPU
		{D97459C3-1030-4C1D-8F04-4984FA954573}.Release|Any CPU.ActiveCfg = Release|Any CPU
		{D97459C3-1030-4C1D-8F04-4984FA954573}.Release|Any CPU.Build.0 = Release|Any CPU
		{08C3DB01-ADA8-45F0-BDB0-600C552C34B6}.Debug|Any CPU.ActiveCfg = Debug|Any CPU
		{08C3DB01-ADA8-45F0-BDB0-600C552C34B6}.Debug|Any CPU.Build.0 = Debug|Any CPU
		{08C3DB01-ADA8-45F0-BDB0-600C552C34B6}.Release|Any CPU.ActiveCfg = Release|Any CPU
		{08C3DB01-ADA8-45F0-BDB0-600C552C34B6}.Release|Any CPU.Build.0 = Release|Any CPU
		{2B1DB74B-B5D8-4E93-96F3-8F2F7E345AAB}.Debug|Any CPU.ActiveCfg = Debug|Any CPU
		{2B1DB74B-B5D8-4E93-96F3-8F2F7E345AAB}.Debug|Any CPU.Build.0 = Debug|Any CPU
		{2B1DB74B-B5D8-4E93-96F3-8F2F7E345AAB}.Release|Any CPU.ActiveCfg = Release|Any CPU
		{2B1DB74B-B5D8-4E93-96F3-8F2F7E345AAB}.Release|Any CPU.Build.0 = Release|Any CPU
		{8A2BC522-DB44-4CDA-BA3C-AC90B53F1EE2}.Debug|Any CPU.ActiveCfg = Debug|Any CPU
		{8A2BC522-DB44-4CDA-BA3C-AC90B53F1EE2}.Debug|Any CPU.Build.0 = Debug|Any CPU
		{8A2BC522-DB44-4CDA-BA3C-AC90B53F1EE2}.Release|Any CPU.ActiveCfg = Release|Any CPU
		{8A2BC522-DB44-4CDA-BA3C-AC90B53F1EE2}.Release|Any CPU.Build.0 = Release|Any CPU
		{224D7900-05E5-43EB-B259-723C7300FB3C}.Debug|Any CPU.ActiveCfg = Debug|Any CPU
		{224D7900-05E5-43EB-B259-723C7300FB3C}.Debug|Any CPU.Build.0 = Debug|Any CPU
		{224D7900-05E5-43EB-B259-723C7300FB3C}.Release|Any CPU.ActiveCfg = Release|Any CPU
		{224D7900-05E5-43EB-B259-723C7300FB3C}.Release|Any CPU.Build.0 = Release|Any CPU
		{5926DCDC-8E6C-4565-8708-6BCB48909F69}.Debug|Any CPU.ActiveCfg = Debug|Any CPU
		{5926DCDC-8E6C-4565-8708-6BCB48909F69}.Debug|Any CPU.Build.0 = Debug|Any CPU
		{5926DCDC-8E6C-4565-8708-6BCB48909F69}.Release|Any CPU.ActiveCfg = Release|Any CPU
		{5926DCDC-8E6C-4565-8708-6BCB48909F69}.Release|Any CPU.Build.0 = Release|Any CPU
		{B325357B-6DF4-4DAB-ADE5-E0678F615A4D}.Debug|Any CPU.ActiveCfg = Debug|Any CPU
		{B325357B-6DF4-4DAB-ADE5-E0678F615A4D}.Debug|Any CPU.Build.0 = Debug|Any CPU
		{B325357B-6DF4-4DAB-ADE5-E0678F615A4D}.Release|Any CPU.ActiveCfg = Release|Any CPU
		{B325357B-6DF4-4DAB-ADE5-E0678F615A4D}.Release|Any CPU.Build.0 = Release|Any CPU
	EndGlobalSection
	GlobalSection(SolutionProperties) = preSolution
		HideSolutionNode = FALSE
	EndGlobalSection
	GlobalSection(NestedProjects) = preSolution
		{0D394654-A848-477F-8442-0024876E53CD} = {E6063481-263C-481E-82C6-7E3E0EBBAD58}
		{8F99630B-BFB8-450A-960D-00A525970252} = {E6063481-263C-481E-82C6-7E3E0EBBAD58}
		{6E583DC0-573A-49C8-B3ED-83CC7B8387C3} = {E6063481-263C-481E-82C6-7E3E0EBBAD58}
		{716FD5BA-9B03-4230-BA27-E9AE2110D654} = {E6063481-263C-481E-82C6-7E3E0EBBAD58}
		{C2C66638-D6E8-4AD3-AA86-2AC679B15372} = {E6063481-263C-481E-82C6-7E3E0EBBAD58}
		{65E31B8D-AE06-433A-818D-53AF316CD325} = {5A97C5FB-2B7C-448C-BAB9-D3656132B200}
		{85CF6E18-CDF1-467C-85BB-7E527474F03A} = {5A97C5FB-2B7C-448C-BAB9-D3656132B200}
		{42710A37-09EA-4892-A18D-B4F3EDB9C36A} = {8AEC257D-0CB1-4C4B-A56C-ED422A376072}
		{96C46291-9EE3-46AD-8759-B744D63BF2B9} = {A0863252-7DC4-4897-B029-C49C8444A4E3}
		{3336AAE2-EE6B-47A0-8F2E-BBF85F9FC1B7} = {1E841A12-1BFB-4AF5-8995-B8654FC7E532}
		{D97459C3-1030-4C1D-8F04-4984FA954573} = {1E841A12-1BFB-4AF5-8995-B8654FC7E532}
		{08C3DB01-ADA8-45F0-BDB0-600C552C34B6} = {72D65E0A-EB82-40B9-8D16-4C6B083118FA}
		{2B1DB74B-B5D8-4E93-96F3-8F2F7E345AAB} = {72D65E0A-EB82-40B9-8D16-4C6B083118FA}
		{8A2BC522-DB44-4CDA-BA3C-AC90B53F1EE2} = {B08527B2-5E99-4975-B104-FE74BA052224}
		{224D7900-05E5-43EB-B259-723C7300FB3C} = {B08527B2-5E99-4975-B104-FE74BA052224}
		{5926DCDC-8E6C-4565-8708-6BCB48909F69} = {F4650685-B549-4902-86CB-201EB58785FA}
		{B325357B-6DF4-4DAB-ADE5-E0678F615A4D} = {F4650685-B549-4902-86CB-201EB58785FA}
	EndGlobalSection
	GlobalSection(ExtensibilityGlobals) = postSolution
		SolutionGuid = {2A870147-8C3B-4BF0-9C50-2A8241F27699}
	EndGlobalSection
EndGlobal
